// !$*UTF8*$!
{
	archiveVersion = 1;
	classes = {
	};
	objectVersion = 56;
	objects = {

/* Begin PBXBuildFile section */
		F1155DC529A7308E003EC794 /* LeftView.swift in Sources */ = {isa = PBXBuildFile; fileRef = F1155DC429A7308E003EC794 /* LeftView.swift */; };
		F1155DC729A730B6003EC794 /* RightView.swift in Sources */ = {isa = PBXBuildFile; fileRef = F1155DC629A730B6003EC794 /* RightView.swift */; };
		F1155DC929A73750003EC794 /* COVID19Row.swift in Sources */ = {isa = PBXBuildFile; fileRef = F1155DC829A73750003EC794 /* COVID19Row.swift */; };
		F1155DCC29A74066003EC794 /* COVID19ViewModel.swift in Sources */ = {isa = PBXBuildFile; fileRef = F1155DCB29A74066003EC794 /* COVID19ViewModel.swift */; };
		F1155DCE29A74A9B003EC794 /* CountriesViewModel.swift in Sources */ = {isa = PBXBuildFile; fileRef = F1155DCD29A74A9B003EC794 /* CountriesViewModel.swift */; };
		F1155DD029A74B57003EC794 /* CountryRow.swift in Sources */ = {isa = PBXBuildFile; fileRef = F1155DCF29A74B57003EC794 /* CountryRow.swift */; };
		F116E62929A47B640055BA38 /* APITrackerApp.swift in Sources */ = {isa = PBXBuildFile; fileRef = F116E62829A47B640055BA38 /* APITrackerApp.swift */; };
		F116E62B29A47B640055BA38 /* ContentView.swift in Sources */ = {isa = PBXBuildFile; fileRef = F116E62A29A47B640055BA38 /* ContentView.swift */; };
		F116E62D29A47B650055BA38 /* Assets.xcassets in Resources */ = {isa = PBXBuildFile; fileRef = F116E62C29A47B650055BA38 /* Assets.xcassets */; };
		F116E63029A47B650055BA38 /* Preview Assets.xcassets in Resources */ = {isa = PBXBuildFile; fileRef = F116E62F29A47B650055BA38 /* Preview Assets.xcassets */; };
		F1E1452929A5174B00B79F1A /* HTTPTask.swift in Sources */ = {isa = PBXBuildFile; fileRef = F1E1451B29A5174A00B79F1A /* HTTPTask.swift */; };
		F1E1452A29A5174B00B79F1A /* HTTPMethod.swift in Sources */ = {isa = PBXBuildFile; fileRef = F1E1451C29A5174A00B79F1A /* HTTPMethod.swift */; };
		F1E1452B29A5174B00B79F1A /* NetworkManager.swift in Sources */ = {isa = PBXBuildFile; fileRef = F1E1451D29A5174A00B79F1A /* NetworkManager.swift */; };
		F1E1452C29A5174B00B79F1A /* NetworkLogger.swift in Sources */ = {isa = PBXBuildFile; fileRef = F1E1451E29A5174A00B79F1A /* NetworkLogger.swift */; };
		F1E1452D29A5174B00B79F1A /* EndPointType.swift in Sources */ = {isa = PBXBuildFile; fileRef = F1E1451F29A5174A00B79F1A /* EndPointType.swift */; };
		F1E1452E29A5174B00B79F1A /* COVID19EndPoint.swift in Sources */ = {isa = PBXBuildFile; fileRef = F1E1452129A5174B00B79F1A /* COVID19EndPoint.swift */; };
		F1E1452F29A5174B00B79F1A /* ParameterEncoding.swift in Sources */ = {isa = PBXBuildFile; fileRef = F1E1452329A5174B00B79F1A /* ParameterEncoding.swift */; };
		F1E1453029A5174B00B79F1A /* URLParameterEncoding.swift in Sources */ = {isa = PBXBuildFile; fileRef = F1E1452429A5174B00B79F1A /* URLParameterEncoding.swift */; };
		F1E1453129A5174B00B79F1A /* JSONParameterEncoder.swift in Sources */ = {isa = PBXBuildFile; fileRef = F1E1452529A5174B00B79F1A /* JSONParameterEncoder.swift */; };
		F1E1453229A5174B00B79F1A /* COVID19NetworkManager.swift in Sources */ = {isa = PBXBuildFile; fileRef = F1E1452729A5174B00B79F1A /* COVID19NetworkManager.swift */; };
		F1E1453429A5177500B79F1A /* CountriesEndPoint.swift in Sources */ = {isa = PBXBuildFile; fileRef = F1E1453329A5177500B79F1A /* CountriesEndPoint.swift */; };
		F1E1453729A5199700B79F1A /* CountriesNetworkManager.swift in Sources */ = {isa = PBXBuildFile; fileRef = F1E1453629A5199700B79F1A /* CountriesNetworkManager.swift */; };
		F1E1454129A51BEA00B79F1A /* NetworkResponse.swift in Sources */ = {isa = PBXBuildFile; fileRef = F1E1454029A51BEA00B79F1A /* NetworkResponse.swift */; };
		F1E1454329A51C1000B79F1A /* NetworkResult.swift in Sources */ = {isa = PBXBuildFile; fileRef = F1E1454229A51C0F00B79F1A /* NetworkResult.swift */; };
		F1E1454629A51C5300B79F1A /* Country.swift in Sources */ = {isa = PBXBuildFile; fileRef = F1E1454529A51C5300B79F1A /* Country.swift */; };
		F1E1454829A51C6D00B79F1A /* COVID19.swift in Sources */ = {isa = PBXBuildFile; fileRef = F1E1454729A51C6D00B79F1A /* COVID19.swift */; };
		F1E1456429A5649100B79F1A /* NetworkStatusCode.swift in Sources */ = {isa = PBXBuildFile; fileRef = F1E1456329A5649100B79F1A /* NetworkStatusCode.swift */; };
/* End PBXBuildFile section */

/* Begin PBXFileReference section */
		F1155DC429A7308E003EC794 /* LeftView.swift */ = {isa = PBXFileReference; lastKnownFileType = sourcecode.swift; path = LeftView.swift; sourceTree = "<group>"; };
		F1155DC629A730B6003EC794 /* RightView.swift */ = {isa = PBXFileReference; lastKnownFileType = sourcecode.swift; path = RightView.swift; sourceTree = "<group>"; };
		F1155DC829A73750003EC794 /* COVID19Row.swift */ = {isa = PBXFileReference; lastKnownFileType = sourcecode.swift; path = COVID19Row.swift; sourceTree = "<group>"; };
		F1155DCB29A74066003EC794 /* COVID19ViewModel.swift */ = {isa = PBXFileReference; lastKnownFileType = sourcecode.swift; path = COVID19ViewModel.swift; sourceTree = "<group>"; };
		F1155DCD29A74A9B003EC794 /* CountriesViewModel.swift */ = {isa = PBXFileReference; lastKnownFileType = sourcecode.swift; path = CountriesViewModel.swift; sourceTree = "<group>"; };
		F1155DCF29A74B57003EC794 /* CountryRow.swift */ = {isa = PBXFileReference; lastKnownFileType = sourcecode.swift; path = CountryRow.swift; sourceTree = "<group>"; };
		F116E62529A47B640055BA38 /* APITracker.app */ = {isa = PBXFileReference; explicitFileType = wrapper.application; includeInIndex = 0; path = APITracker.app; sourceTree = BUILT_PRODUCTS_DIR; };
		F116E62829A47B640055BA38 /* APITrackerApp.swift */ = {isa = PBXFileReference; lastKnownFileType = sourcecode.swift; path = APITrackerApp.swift; sourceTree = "<group>"; };
		F116E62A29A47B640055BA38 /* ContentView.swift */ = {isa = PBXFileReference; lastKnownFileType = sourcecode.swift; path = ContentView.swift; sourceTree = "<group>"; };
		F116E62C29A47B650055BA38 /* Assets.xcassets */ = {isa = PBXFileReference; lastKnownFileType = folder.assetcatalog; path = Assets.xcassets; sourceTree = "<group>"; };
		F116E62F29A47B650055BA38 /* Preview Assets.xcassets */ = {isa = PBXFileReference; lastKnownFileType = folder.assetcatalog; path = "Preview Assets.xcassets"; sourceTree = "<group>"; };
		F1E1451B29A5174A00B79F1A /* HTTPTask.swift */ = {isa = PBXFileReference; fileEncoding = 4; lastKnownFileType = sourcecode.swift; path = HTTPTask.swift; sourceTree = "<group>"; };
		F1E1451C29A5174A00B79F1A /* HTTPMethod.swift */ = {isa = PBXFileReference; fileEncoding = 4; lastKnownFileType = sourcecode.swift; path = HTTPMethod.swift; sourceTree = "<group>"; };
		F1E1451D29A5174A00B79F1A /* NetworkManager.swift */ = {isa = PBXFileReference; fileEncoding = 4; lastKnownFileType = sourcecode.swift; path = NetworkManager.swift; sourceTree = "<group>"; };
		F1E1451E29A5174A00B79F1A /* NetworkLogger.swift */ = {isa = PBXFileReference; fileEncoding = 4; lastKnownFileType = sourcecode.swift; path = NetworkLogger.swift; sourceTree = "<group>"; };
		F1E1451F29A5174A00B79F1A /* EndPointType.swift */ = {isa = PBXFileReference; fileEncoding = 4; lastKnownFileType = sourcecode.swift; path = EndPointType.swift; sourceTree = "<group>"; };
		F1E1452129A5174B00B79F1A /* COVID19EndPoint.swift */ = {isa = PBXFileReference; fileEncoding = 4; lastKnownFileType = sourcecode.swift; path = COVID19EndPoint.swift; sourceTree = "<group>"; };
		F1E1452329A5174B00B79F1A /* ParameterEncoding.swift */ = {isa = PBXFileReference; fileEncoding = 4; lastKnownFileType = sourcecode.swift; path = ParameterEncoding.swift; sourceTree = "<group>"; };
		F1E1452429A5174B00B79F1A /* URLParameterEncoding.swift */ = {isa = PBXFileReference; fileEncoding = 4; lastKnownFileType = sourcecode.swift; path = URLParameterEncoding.swift; sourceTree = "<group>"; };
		F1E1452529A5174B00B79F1A /* JSONParameterEncoder.swift */ = {isa = PBXFileReference; fileEncoding = 4; lastKnownFileType = sourcecode.swift; path = JSONParameterEncoder.swift; sourceTree = "<group>"; };
		F1E1452729A5174B00B79F1A /* COVID19NetworkManager.swift */ = {isa = PBXFileReference; fileEncoding = 4; lastKnownFileType = sourcecode.swift; path = COVID19NetworkManager.swift; sourceTree = "<group>"; };
		F1E1453329A5177500B79F1A /* CountriesEndPoint.swift */ = {isa = PBXFileReference; fileEncoding = 4; lastKnownFileType = sourcecode.swift; path = CountriesEndPoint.swift; sourceTree = "<group>"; };
		F1E1453629A5199700B79F1A /* CountriesNetworkManager.swift */ = {isa = PBXFileReference; fileEncoding = 4; lastKnownFileType = sourcecode.swift; path = CountriesNetworkManager.swift; sourceTree = "<group>"; };
		F1E1454029A51BEA00B79F1A /* NetworkResponse.swift */ = {isa = PBXFileReference; lastKnownFileType = sourcecode.swift; path = NetworkResponse.swift; sourceTree = "<group>"; };
		F1E1454229A51C0F00B79F1A /* NetworkResult.swift */ = {isa = PBXFileReference; lastKnownFileType = sourcecode.swift; path = NetworkResult.swift; sourceTree = "<group>"; };
		F1E1454529A51C5300B79F1A /* Country.swift */ = {isa = PBXFileReference; lastKnownFileType = sourcecode.swift; path = Country.swift; sourceTree = "<group>"; };
		F1E1454729A51C6D00B79F1A /* COVID19.swift */ = {isa = PBXFileReference; lastKnownFileType = sourcecode.swift; path = COVID19.swift; sourceTree = "<group>"; };
		F1E1456329A5649100B79F1A /* NetworkStatusCode.swift */ = {isa = PBXFileReference; lastKnownFileType = sourcecode.swift; path = NetworkStatusCode.swift; sourceTree = "<group>"; };
/* End PBXFileReference section */

/* Begin PBXFrameworksBuildPhase section */
		F116E62229A47B640055BA38 /* Frameworks */ = {
			isa = PBXFrameworksBuildPhase;
			buildActionMask = 2147483647;
			files = (
			);
			runOnlyForDeploymentPostprocessing = 0;
		};
/* End PBXFrameworksBuildPhase section */

/* Begin PBXGroup section */
		F1155DD229A74D2F003EC794 /* Features */ = {
			isa = PBXGroup;
			children = (
				F1155DD429A74D50003EC794 /* RightView */,
				F1155DD329A74D45003EC794 /* LeftView */,
			);
			path = Features;
			sourceTree = "<group>";
		};
		F1155DD329A74D45003EC794 /* LeftView */ = {
			isa = PBXGroup;
			children = (
				F1155DDE29A74E2D003EC794 /* UI */,
				F1155DDD29A74E1A003EC794 /* Networking */,
				F1155DD629A74D72003EC794 /* Logic */,
				F1155DD529A74D5F003EC794 /* Row */,
			);
			path = LeftView;
			sourceTree = "<group>";
		};
		F1155DD429A74D50003EC794 /* RightView */ = {
			isa = PBXGroup;
			children = (
				F1155DDC29A74E09003EC794 /* UI */,
				F1155DDB29A74DE4003EC794 /* Networking */,
				F1155DD829A74D89003EC794 /* Logic */,
				F1155DD729A74D84003EC794 /* Row */,
			);
			path = RightView;
			sourceTree = "<group>";
		};
		F1155DD529A74D5F003EC794 /* Row */ = {
			isa = PBXGroup;
			children = (
				F1155DC829A73750003EC794 /* COVID19Row.swift */,
			);
			path = Row;
			sourceTree = "<group>";
		};
		F1155DD629A74D72003EC794 /* Logic */ = {
			isa = PBXGroup;
			children = (
				F1155DDA29A74DCE003EC794 /* Model */,
				F1155DCB29A74066003EC794 /* COVID19ViewModel.swift */,
			);
			path = Logic;
			sourceTree = "<group>";
		};
		F1155DD729A74D84003EC794 /* Row */ = {
			isa = PBXGroup;
			children = (
				F1155DCF29A74B57003EC794 /* CountryRow.swift */,
			);
			path = Row;
			sourceTree = "<group>";
		};
		F1155DD829A74D89003EC794 /* Logic */ = {
			isa = PBXGroup;
			children = (
				F1155DD929A74DC2003EC794 /* Model */,
				F1155DCD29A74A9B003EC794 /* CountriesViewModel.swift */,
			);
			path = Logic;
			sourceTree = "<group>";
		};
		F1155DD929A74DC2003EC794 /* Model */ = {
			isa = PBXGroup;
			children = (
				F1E1454529A51C5300B79F1A /* Country.swift */,
			);
			path = Model;
			sourceTree = "<group>";
		};
		F1155DDA29A74DCE003EC794 /* Model */ = {
			isa = PBXGroup;
			children = (
				F1E1454729A51C6D00B79F1A /* COVID19.swift */,
			);
			path = Model;
			sourceTree = "<group>";
		};
		F1155DDB29A74DE4003EC794 /* Networking */ = {
			isa = PBXGroup;
			children = (
				F1E1453D29A51B6600B79F1A /* EndPoint */,
				F1E1453C29A51B6000B79F1A /* Manager */,
			);
			path = Networking;
			sourceTree = "<group>";
		};
		F1155DDC29A74E09003EC794 /* UI */ = {
			isa = PBXGroup;
			children = (
				F1155DC629A730B6003EC794 /* RightView.swift */,
			);
			path = UI;
			sourceTree = "<group>";
		};
		F1155DDD29A74E1A003EC794 /* Networking */ = {
			isa = PBXGroup;
			children = (
				F1E1453B29A51B5100B79F1A /* EndPoint */,
				F1E1453A29A51B4900B79F1A /* Manager */,
			);
			path = Networking;
			sourceTree = "<group>";
		};
		F1155DDE29A74E2D003EC794 /* UI */ = {
			isa = PBXGroup;
			children = (
				F1155DC429A7308E003EC794 /* LeftView.swift */,
			);
			path = UI;
			sourceTree = "<group>";
		};
		F116E61C29A47B640055BA38 = {
			isa = PBXGroup;
			children = (
				F116E62729A47B640055BA38 /* APITracker */,
				F116E62629A47B640055BA38 /* Products */,
			);
			sourceTree = "<group>";
		};
		F116E62629A47B640055BA38 /* Products */ = {
			isa = PBXGroup;
			children = (
				F116E62529A47B640055BA38 /* APITracker.app */,
			);
			name = Products;
			sourceTree = "<group>";
		};
		F116E62729A47B640055BA38 /* APITracker */ = {
			isa = PBXGroup;
			children = (
				F1155DD229A74D2F003EC794 /* Features */,
				F1E1451829A5171600B79F1A /* Networking */,
				F116E62829A47B640055BA38 /* APITrackerApp.swift */,
				F116E62A29A47B640055BA38 /* ContentView.swift */,
				F116E62C29A47B650055BA38 /* Assets.xcassets */,
				F116E62E29A47B650055BA38 /* Preview Content */,
			);
			path = APITracker;
			sourceTree = "<group>";
		};
		F116E62E29A47B650055BA38 /* Preview Content */ = {
			isa = PBXGroup;
			children = (
				F116E62F29A47B650055BA38 /* Preview Assets.xcassets */,
			);
			path = "Preview Content";
			sourceTree = "<group>";
		};
		F1E1451829A5171600B79F1A /* Networking */ = {
			isa = PBXGroup;
			children = (
				F1E1453529A518E000B79F1A /* Shared */,
			);
			path = Networking;
			sourceTree = "<group>";
		};
		F1E1451929A5174A00B79F1A /* Service */ = {
			isa = PBXGroup;
			children = (
				F1E1451C29A5174A00B79F1A /* HTTPMethod.swift */,
				F1E1451B29A5174A00B79F1A /* HTTPTask.swift */,
				F1E1451F29A5174A00B79F1A /* EndPointType.swift */,
				F1E1451D29A5174A00B79F1A /* NetworkManager.swift */,
				F1E1451E29A5174A00B79F1A /* NetworkLogger.swift */,
				F1E1454029A51BEA00B79F1A /* NetworkResponse.swift */,
				F1E1454229A51C0F00B79F1A /* NetworkResult.swift */,
				F1E1456329A5649100B79F1A /* NetworkStatusCode.swift */,
			);
			path = Service;
			sourceTree = "<group>";
		};
		F1E1452229A5174B00B79F1A /* Encoding */ = {
			isa = PBXGroup;
			children = (
				F1E1452329A5174B00B79F1A /* ParameterEncoding.swift */,
				F1E1452429A5174B00B79F1A /* URLParameterEncoding.swift */,
				F1E1452529A5174B00B79F1A /* JSONParameterEncoder.swift */,
			);
			path = Encoding;
			sourceTree = "<group>";
		};
		F1E1453529A518E000B79F1A /* Shared */ = {
			isa = PBXGroup;
			children = (
				F1E1451929A5174A00B79F1A /* Service */,
				F1E1452229A5174B00B79F1A /* Encoding */,
			);
			path = Shared;
			sourceTree = "<group>";
		};
		F1E1453A29A51B4900B79F1A /* Manager */ = {
			isa = PBXGroup;
			children = (
				F1E1452729A5174B00B79F1A /* COVID19NetworkManager.swift */,
			);
			path = Manager;
			sourceTree = "<group>";
		};
		F1E1453B29A51B5100B79F1A /* EndPoint */ = {
			isa = PBXGroup;
			children = (
				F1E1452129A5174B00B79F1A /* COVID19EndPoint.swift */,
			);
			path = EndPoint;
			sourceTree = "<group>";
		};
		F1E1453C29A51B6000B79F1A /* Manager */ = {
			isa = PBXGroup;
			children = (
				F1E1453629A5199700B79F1A /* CountriesNetworkManager.swift */,
			);
			path = Manager;
			sourceTree = "<group>";
		};
		F1E1453D29A51B6600B79F1A /* EndPoint */ = {
			isa = PBXGroup;
			children = (
				F1E1453329A5177500B79F1A /* CountriesEndPoint.swift */,
			);
			path = EndPoint;
			sourceTree = "<group>";
		};
/* End PBXGroup section */

/* Begin PBXNativeTarget section */
		F116E62429A47B640055BA38 /* APITracker */ = {
			isa = PBXNativeTarget;
			buildConfigurationList = F116E63329A47B650055BA38 /* Build configuration list for PBXNativeTarget "APITracker" */;
			buildPhases = (
				F116E62129A47B640055BA38 /* Sources */,
				F116E62229A47B640055BA38 /* Frameworks */,
				F116E62329A47B640055BA38 /* Resources */,
			);
			buildRules = (
			);
			dependencies = (
			);
			name = APITracker;
			productName = APITracker;
			productReference = F116E62529A47B640055BA38 /* APITracker.app */;
			productType = "com.apple.product-type.application";
		};
/* End PBXNativeTarget section */

/* Begin PBXProject section */
		F116E61D29A47B640055BA38 /* Project object */ = {
			isa = PBXProject;
			attributes = {
				BuildIndependentTargetsInParallel = 1;
				LastSwiftUpdateCheck = 1420;
				LastUpgradeCheck = 1420;
				TargetAttributes = {
					F116E62429A47B640055BA38 = {
						CreatedOnToolsVersion = 14.2;
					};
				};
			};
			buildConfigurationList = F116E62029A47B640055BA38 /* Build configuration list for PBXProject "APITracker" */;
			compatibilityVersion = "Xcode 14.0";
			developmentRegion = en;
			hasScannedForEncodings = 0;
			knownRegions = (
				en,
				Base,
			);
			mainGroup = F116E61C29A47B640055BA38;
			productRefGroup = F116E62629A47B640055BA38 /* Products */;
			projectDirPath = "";
			projectRoot = "";
			targets = (
				F116E62429A47B640055BA38 /* APITracker */,
			);
		};
/* End PBXProject section */

/* Begin PBXResourcesBuildPhase section */
		F116E62329A47B640055BA38 /* Resources */ = {
			isa = PBXResourcesBuildPhase;
			buildActionMask = 2147483647;
			files = (
				F116E63029A47B650055BA38 /* Preview Assets.xcassets in Resources */,
				F116E62D29A47B650055BA38 /* Assets.xcassets in Resources */,
			);
			runOnlyForDeploymentPostprocessing = 0;
		};
/* End PBXResourcesBuildPhase section */

/* Begin PBXSourcesBuildPhase section */
		F116E62129A47B640055BA38 /* Sources */ = {
			isa = PBXSourcesBuildPhase;
			buildActionMask = 2147483647;
			files = (
				F1E1452D29A5174B00B79F1A /* EndPointType.swift in Sources */,
				F1E1452C29A5174B00B79F1A /* NetworkLogger.swift in Sources */,
				F1E1454329A51C1000B79F1A /* NetworkResult.swift in Sources */,
				F1155DCE29A74A9B003EC794 /* CountriesViewModel.swift in Sources */,
				F1E1452F29A5174B00B79F1A /* ParameterEncoding.swift in Sources */,
				F1E1453229A5174B00B79F1A /* COVID19NetworkManager.swift in Sources */,
				F1155DD029A74B57003EC794 /* CountryRow.swift in Sources */,
				F1E1452929A5174B00B79F1A /* HTTPTask.swift in Sources */,
				F1155DC929A73750003EC794 /* COVID19Row.swift in Sources */,
				F116E62B29A47B640055BA38 /* ContentView.swift in Sources */,
				F1E1452A29A5174B00B79F1A /* HTTPMethod.swift in Sources */,
				F1155DCC29A74066003EC794 /* COVID19ViewModel.swift in Sources */,
				F1E1454829A51C6D00B79F1A /* COVID19.swift in Sources */,
				F1E1453029A5174B00B79F1A /* URLParameterEncoding.swift in Sources */,
				F1E1454629A51C5300B79F1A /* Country.swift in Sources */,
				F1E1453129A5174B00B79F1A /* JSONParameterEncoder.swift in Sources */,
				F1E1452B29A5174B00B79F1A /* NetworkManager.swift in Sources */,
				F1155DC529A7308E003EC794 /* LeftView.swift in Sources */,
				F1155DC729A730B6003EC794 /* RightView.swift in Sources */,
				F1E1453429A5177500B79F1A /* CountriesEndPoint.swift in Sources */,
				F1E1454129A51BEA00B79F1A /* NetworkResponse.swift in Sources */,
				F1E1453729A5199700B79F1A /* CountriesNetworkManager.swift in Sources */,
				F1E1456429A5649100B79F1A /* NetworkStatusCode.swift in Sources */,
				F116E62929A47B640055BA38 /* APITrackerApp.swift in Sources */,
				F1E1452E29A5174B00B79F1A /* COVID19EndPoint.swift in Sources */,
			);
			runOnlyForDeploymentPostprocessing = 0;
		};
/* End PBXSourcesBuildPhase section */

/* Begin XCBuildConfiguration section */
		F116E63129A47B650055BA38 /* Debug */ = {
			isa = XCBuildConfiguration;
			buildSettings = {
				ALWAYS_SEARCH_USER_PATHS = NO;
				CLANG_ANALYZER_NONNULL = YES;
				CLANG_ANALYZER_NUMBER_OBJECT_CONVERSION = YES_AGGRESSIVE;
				CLANG_CXX_LANGUAGE_STANDARD = "gnu++20";
				CLANG_ENABLE_MODULES = YES;
				CLANG_ENABLE_OBJC_ARC = YES;
				CLANG_ENABLE_OBJC_WEAK = YES;
				CLANG_WARN_BLOCK_CAPTURE_AUTORELEASING = YES;
				CLANG_WARN_BOOL_CONVERSION = YES;
				CLANG_WARN_COMMA = YES;
				CLANG_WARN_CONSTANT_CONVERSION = YES;
				CLANG_WARN_DEPRECATED_OBJC_IMPLEMENTATIONS = YES;
				CLANG_WARN_DIRECT_OBJC_ISA_USAGE = YES_ERROR;
				CLANG_WARN_DOCUMENTATION_COMMENTS = YES;
				CLANG_WARN_EMPTY_BODY = YES;
				CLANG_WARN_ENUM_CONVERSION = YES;
				CLANG_WARN_INFINITE_RECURSION = YES;
				CLANG_WARN_INT_CONVERSION = YES;
				CLANG_WARN_NON_LITERAL_NULL_CONVERSION = YES;
				CLANG_WARN_OBJC_IMPLICIT_RETAIN_SELF = YES;
				CLANG_WARN_OBJC_LITERAL_CONVERSION = YES;
				CLANG_WARN_OBJC_ROOT_CLASS = YES_ERROR;
				CLANG_WARN_QUOTED_INCLUDE_IN_FRAMEWORK_HEADER = YES;
				CLANG_WARN_RANGE_LOOP_ANALYSIS = YES;
				CLANG_WARN_STRICT_PROTOTYPES = YES;
				CLANG_WARN_SUSPICIOUS_MOVE = YES;
				CLANG_WARN_UNGUARDED_AVAILABILITY = YES_AGGRESSIVE;
				CLANG_WARN_UNREACHABLE_CODE = YES;
				CLANG_WARN__DUPLICATE_METHOD_MATCH = YES;
				COPY_PHASE_STRIP = NO;
				DEBUG_INFORMATION_FORMAT = dwarf;
				ENABLE_STRICT_OBJC_MSGSEND = YES;
				ENABLE_TESTABILITY = YES;
				GCC_C_LANGUAGE_STANDARD = gnu11;
				GCC_DYNAMIC_NO_PIC = NO;
				GCC_NO_COMMON_BLOCKS = YES;
				GCC_OPTIMIZATION_LEVEL = 0;
				GCC_PREPROCESSOR_DEFINITIONS = (
					"DEBUG=1",
					"$(inherited)",
				);
				GCC_WARN_64_TO_32_BIT_CONVERSION = YES;
				GCC_WARN_ABOUT_RETURN_TYPE = YES_ERROR;
				GCC_WARN_UNDECLARED_SELECTOR = YES;
				GCC_WARN_UNINITIALIZED_AUTOS = YES_AGGRESSIVE;
				GCC_WARN_UNUSED_FUNCTION = YES;
				GCC_WARN_UNUSED_VARIABLE = YES;
				IPHONEOS_DEPLOYMENT_TARGET = 16.2;
				MTL_ENABLE_DEBUG_INFO = INCLUDE_SOURCE;
				MTL_FAST_MATH = YES;
				ONLY_ACTIVE_ARCH = YES;
				SDKROOT = iphoneos;
				SWIFT_ACTIVE_COMPILATION_CONDITIONS = DEBUG;
				SWIFT_OPTIMIZATION_LEVEL = "-Onone";
			};
			name = Debug;
		};
		F116E63229A47B650055BA38 /* Release */ = {
			isa = XCBuildConfiguration;
			buildSettings = {
				ALWAYS_SEARCH_USER_PATHS = NO;
				CLANG_ANALYZER_NONNULL = YES;
				CLANG_ANALYZER_NUMBER_OBJECT_CONVERSION = YES_AGGRESSIVE;
				CLANG_CXX_LANGUAGE_STANDARD = "gnu++20";
				CLANG_ENABLE_MODULES = YES;
				CLANG_ENABLE_OBJC_ARC = YES;
				CLANG_ENABLE_OBJC_WEAK = YES;
				CLANG_WARN_BLOCK_CAPTURE_AUTORELEASING = YES;
				CLANG_WARN_BOOL_CONVERSION = YES;
				CLANG_WARN_COMMA = YES;
				CLANG_WARN_CONSTANT_CONVERSION = YES;
				CLANG_WARN_DEPRECATED_OBJC_IMPLEMENTATIONS = YES;
				CLANG_WARN_DIRECT_OBJC_ISA_USAGE = YES_ERROR;
				CLANG_WARN_DOCUMENTATION_COMMENTS = YES;
				CLANG_WARN_EMPTY_BODY = YES;
				CLANG_WARN_ENUM_CONVERSION = YES;
				CLANG_WARN_INFINITE_RECURSION = YES;
				CLANG_WARN_INT_CONVERSION = YES;
				CLANG_WARN_NON_LITERAL_NULL_CONVERSION = YES;
				CLANG_WARN_OBJC_IMPLICIT_RETAIN_SELF = YES;
				CLANG_WARN_OBJC_LITERAL_CONVERSION = YES;
				CLANG_WARN_OBJC_ROOT_CLASS = YES_ERROR;
				CLANG_WARN_QUOTED_INCLUDE_IN_FRAMEWORK_HEADER = YES;
				CLANG_WARN_RANGE_LOOP_ANALYSIS = YES;
				CLANG_WARN_STRICT_PROTOTYPES = YES;
				CLANG_WARN_SUSPICIOUS_MOVE = YES;
				CLANG_WARN_UNGUARDED_AVAILABILITY = YES_AGGRESSIVE;
				CLANG_WARN_UNREACHABLE_CODE = YES;
				CLANG_WARN__DUPLICATE_METHOD_MATCH = YES;
				COPY_PHASE_STRIP = NO;
				DEBUG_INFORMATION_FORMAT = "dwarf-with-dsym";
				ENABLE_NS_ASSERTIONS = NO;
				ENABLE_STRICT_OBJC_MSGSEND = YES;
				GCC_C_LANGUAGE_STANDARD = gnu11;
				GCC_NO_COMMON_BLOCKS = YES;
				GCC_WARN_64_TO_32_BIT_CONVERSION = YES;
				GCC_WARN_ABOUT_RETURN_TYPE = YES_ERROR;
				GCC_WARN_UNDECLARED_SELECTOR = YES;
				GCC_WARN_UNINITIALIZED_AUTOS = YES_AGGRESSIVE;
				GCC_WARN_UNUSED_FUNCTION = YES;
				GCC_WARN_UNUSED_VARIABLE = YES;
				IPHONEOS_DEPLOYMENT_TARGET = 16.2;
				MTL_ENABLE_DEBUG_INFO = NO;
				MTL_FAST_MATH = YES;
				SDKROOT = iphoneos;
				SWIFT_COMPILATION_MODE = wholemodule;
				SWIFT_OPTIMIZATION_LEVEL = "-O";
				VALIDATE_PRODUCT = YES;
			};
			name = Release;
		};
		F116E63429A47B650055BA38 /* Debug */ = {
			isa = XCBuildConfiguration;
			buildSettings = {
				ASSETCATALOG_COMPILER_APPICON_NAME = AppIcon;
				ASSETCATALOG_COMPILER_GLOBAL_ACCENT_COLOR_NAME = AccentColor;
				CODE_SIGN_STYLE = Automatic;
				CURRENT_PROJECT_VERSION = 1;
				DEVELOPMENT_ASSET_PATHS = "\"APITracker/Preview Content\"";
				ENABLE_PREVIEWS = YES;
				GENERATE_INFOPLIST_FILE = YES;
				INFOPLIST_KEY_UIApplicationSceneManifest_Generation = YES;
				INFOPLIST_KEY_UIApplicationSupportsIndirectInputEvents = YES;
				INFOPLIST_KEY_UILaunchScreen_Generation = YES;
				INFOPLIST_KEY_UISupportedInterfaceOrientations_iPad = "UIInterfaceOrientationPortrait UIInterfaceOrientationPortraitUpsideDown UIInterfaceOrientationLandscapeLeft UIInterfaceOrientationLandscapeRight";
				INFOPLIST_KEY_UISupportedInterfaceOrientations_iPhone = "UIInterfaceOrientationPortrait UIInterfaceOrientationLandscapeLeft UIInterfaceOrientationLandscapeRight";
				LD_RUNPATH_SEARCH_PATHS = (
					"$(inherited)",
					"@executable_path/Frameworks",
				);
				MARKETING_VERSION = 1.0;
				PRODUCT_BUNDLE_IDENTIFIER = com.arashzeinoddini.APITracker;
				PRODUCT_NAME = "$(TARGET_NAME)";
				SWIFT_EMIT_LOC_STRINGS = YES;
				SWIFT_VERSION = 5.0;
				TARGETED_DEVICE_FAMILY = "1,2";
			};
			name = Debug;
		};
		F116E63529A47B650055BA38 /* Release */ = {
			isa = XCBuildConfiguration;
			buildSettings = {
				ASSETCATALOG_COMPILER_APPICON_NAME = AppIcon;
				ASSETCATALOG_COMPILER_GLOBAL_ACCENT_COLOR_NAME = AccentColor;
				CODE_SIGN_STYLE = Automatic;
				CURRENT_PROJECT_VERSION = 1;
				DEVELOPMENT_ASSET_PATHS = "\"APITracker/Preview Content\"";
				ENABLE_PREVIEWS = YES;
				GENERATE_INFOPLIST_FILE = YES;
				INFOPLIST_KEY_UIApplicationSceneManifest_Generation = YES;
				INFOPLIST_KEY_UIApplicationSupportsIndirectInputEvents = YES;
				INFOPLIST_KEY_UILaunchScreen_Generation = YES;
				INFOPLIST_KEY_UISupportedInterfaceOrientations_iPad = "UIInterfaceOrientationPortrait UIInterfaceOrientationPortraitUpsideDown UIInterfaceOrientationLandscapeLeft UIInterfaceOrientationLandscapeRight";
				INFOPLIST_KEY_UISupportedInterfaceOrientations_iPhone = "UIInterfaceOrientationPortrait UIInterfaceOrientationLandscapeLeft UIInterfaceOrientationLandscapeRight";
				LD_RUNPATH_SEARCH_PATHS = (
					"$(inherited)",
					"@executable_path/Frameworks",
				);
				MARKETING_VERSION = 1.0;
				PRODUCT_BUNDLE_IDENTIFIER = com.arashzeinoddini.APITracker;
				PRODUCT_NAME = "$(TARGET_NAME)";
				SWIFT_EMIT_LOC_STRINGS = YES;
				SWIFT_VERSION = 5.0;
				TARGETED_DEVICE_FAMILY = "1,2";
			};
			name = Release;
		};
/* End XCBuildConfiguration section */

/* Begin XCConfigurationList section */
		F116E62029A47B640055BA38 /* Build configuration list for PBXProject "APITracker" */ = {
			isa = XCConfigurationList;
			buildConfigurations = (
				F116E63129A47B650055BA38 /* Debug */,
				F116E63229A47B650055BA38 /* Release */,
			);
			defaultConfigurationIsVisible = 0;
			defaultConfigurationName = Release;
		};
		F116E63329A47B650055BA38 /* Build configuration list for PBXNativeTarget "APITracker" */ = {
			isa = XCConfigurationList;
			buildConfigurations = (
				F116E63429A47B650055BA38 /* Debug */,
				F116E63529A47B650055BA38 /* Release */,
			);
			defaultConfigurationIsVisible = 0;
			defaultConfigurationName = Release;
		};
/* End XCConfigurationList section */
	};
	rootObject = F116E61D29A47B640055BA38 /* Project object */;
}
